
Microsoft Visual Studio Solution File, Format Version 12.00
# Visual Studio Version 16
VisualStudioVersion = 16.0.31205.134
MinimumVisualStudioVersion = 10.0.40219.1
Project("{FAE04EC0-301F-11D3-BF4B-00C04F79EFBC}") = "SApp01", "SApp01\SApp01.csproj", "{5B898D5A-7F91-4B45-BD41-43541B8E7B9F}"
EndProject
Project("{FAE04EC0-301F-11D3-BF4B-00C04F79EFBC}") = "SApp02", "SApp02\SApp02.csproj", "{D90CE31B-29B2-4674-A7FF-A5F8466CDC25}"
EndProject
Project("{9A19103F-16F7-4668-BE54-9A1E7A4F7556}") = "SApp00", "SApp00\SApp00.csproj", "{FE30F9E9-9817-4E14-BF62-AA303C5B7C85}"
EndProject
Project("{9A19103F-16F7-4668-BE54-9A1E7A4F7556}") = "HomeWork7_HW1", "HomeWork7_HW1\HomeWork7_HW1.csproj", "{1423658E-17F8-4AD4-9ADD-8DD7A4A710DA}"
EndProject
Project("{FAE04EC0-301F-11D3-BF4B-00C04F79EFBC}") = "HomeWork7_HW2", "HomeWork7_HW2\HomeWork7_HW2.csproj", "{A25E67F9-5D2B-4AA2-A49C-0CDA19D585D6}"
EndProject
Global
	GlobalSection(SolutionConfigurationPlatforms) = preSolution
		Debug|Any CPU = Debug|Any CPU
		Release|Any CPU = Release|Any CPU
	EndGlobalSection
	GlobalSection(ProjectConfigurationPlatforms) = postSolution
		{5B898D5A-7F91-4B45-BD41-43541B8E7B9F}.Debug|Any CPU.ActiveCfg = Debug|Any CPU
		{5B898D5A-7F91-4B45-BD41-43541B8E7B9F}.Debug|Any CPU.Build.0 = Debug|Any CPU
		{5B898D5A-7F91-4B45-BD41-43541B8E7B9F}.Release|Any CPU.ActiveCfg = Release|Any CPU
		{5B898D5A-7F91-4B45-BD41-43541B8E7B9F}.Release|Any CPU.Build.0 = Release|Any CPU
		{D90CE31B-29B2-4674-A7FF-A5F8466CDC25}.Debug|Any CPU.ActiveCfg = Debug|Any CPU
		{D90CE31B-29B2-4674-A7FF-A5F8466CDC25}.Debug|Any CPU.Build.0 = Debug|Any CPU
		{D90CE31B-29B2-4674-A7FF-A5F8466CDC25}.Release|Any CPU.ActiveCfg = Release|Any CPU
		{D90CE31B-29B2-4674-A7FF-A5F8466CDC25}.Release|Any CPU.Build.0 = Release|Any CPU
		{FE30F9E9-9817-4E14-BF62-AA303C5B7C85}.Debug|Any CPU.ActiveCfg = Debug|Any CPU
		{FE30F9E9-9817-4E14-BF62-AA303C5B7C85}.Debug|Any CPU.Build.0 = Debug|Any CPU
		{FE30F9E9-9817-4E14-BF62-AA303C5B7C85}.Release|Any CPU.ActiveCfg = Release|Any CPU
		{FE30F9E9-9817-4E14-BF62-AA303C5B7C85}.Release|Any CPU.Build.0 = Release|Any CPU
		{1423658E-17F8-4AD4-9ADD-8DD7A4A710DA}.Debug|Any CPU.ActiveCfg = Debug|Any CPU
		{1423658E-17F8-4AD4-9ADD-8DD7A4A710DA}.Debug|Any CPU.Build.0 = Debug|Any CPU
		{1423658E-17F8-4AD4-9ADD-8DD7A4A710DA}.Release|Any CPU.ActiveCfg = Release|Any CPU
		{1423658E-17F8-4AD4-9ADD-8DD7A4A710DA}.Release|Any CPU.Build.0 = Release|Any CPU
		{A25E67F9-5D2B-4AA2-A49C-0CDA19D585D6}.Debug|Any CPU.ActiveCfg = Debug|Any CPU
		{A25E67F9-5D2B-4AA2-A49C-0CDA19D585D6}.Debug|Any CPU.Build.0 = Debug|Any CPU
		{A25E67F9-5D2B-4AA2-A49C-0CDA19D585D6}.Release|Any CPU.ActiveCfg = Release|Any CPU
		{A25E67F9-5D2B-4AA2-A49C-0CDA19D585D6}.Release|Any CPU.Build.0 = Release|Any CPU
	EndGlobalSection
	GlobalSection(SolutionProperties) = preSolution
		HideSolutionNode = FALSE
	EndGlobalSection
	GlobalSection(ExtensibilityGlobals) = postSolution
		SolutionGuid = {4C3B6763-AAB5-4C81-8C56-F5A1F51B546D}
	EndGlobalSection
EndGlobal
